{
  "name": "shared",
  "version": "0.0.1",
  "lockfileVersion": 3,
  "requires": true,
  "packages": {
    "": {
      "name": "shared",
      "version": "0.0.1",
      "dependencies": {
        "@liveblocks/client": "^1.9.7",
        "@liveblocks/yjs": "^1.9.7"
      },
      "devDependencies": {
        "typescript": "^4.9.5"
      }
    },
    "node_modules/@liveblocks/client": {
      "version": "1.9.7",
      "resolved": "https://registry.npmjs.org/@liveblocks/client/-/client-1.9.7.tgz",
      "integrity": "sha512-IPY6kir69MsE0bXUvQLWK5jnkZ2Yhxu1NHg78Wxs7wo6I+Fk/7f/rYVxJD0IDHEpIIwbROteHcnNgqD6YwkZIA==",
      "dependencies": {
        "@liveblocks/core": "1.9.7"
      }
    },
    "node_modules/@liveblocks/core": {
      "version": "1.9.7",
      "resolved": "https://registry.npmjs.org/@liveblocks/core/-/core-1.9.7.tgz",
      "integrity": "sha512-zvYZch5eU3raLWgNTQyCxLVM+c4V5ped2YGPIiir2Uw09ITKJTqhLqp6ZHqRkWE7mpogV4fJKnF/M1jNDqPh3Q=="
    },
    "node_modules/@liveblocks/yjs": {
      "version": "1.9.7",
      "resolved": "https://registry.npmjs.org/@liveblocks/yjs/-/yjs-1.9.7.tgz",
      "integrity": "sha512-43joEb6pWc0iF4dmk5SufG2QEs9v1714SfFWBEYJwLQLyB5vfyD0GdN2L05m3p3iKPx14S4AKIeuKTdpmGcw2A==",
      "dependencies": {
        "@liveblocks/client": "1.9.7",
        "@liveblocks/core": "1.9.7",
        "js-base64": "^3.7.5"
      },
      "peerDependencies": {
        "yjs": "^13.6.1"
      }
    },
    "node_modules/isomorphic.js": {
      "version": "0.2.5",
      "resolved": "https://registry.npmjs.org/isomorphic.js/-/isomorphic.js-0.2.5.tgz",
      "integrity": "sha512-PIeMbHqMt4DnUP3MA/Flc0HElYjMXArsw1qwJZcm9sqR8mq3l8NYizFMty0pWwE/tzIGH3EKK5+jes5mAr85yw==",
      "peer": true,
      "funding": {
        "type": "GitHub Sponsors ❤",
        "url": "https://github.com/sponsors/dmonad"
      }
    },
    "node_modules/js-base64": {
      "version": "3.7.6",
      "resolved": "https://registry.npmjs.org/js-base64/-/js-base64-3.7.6.tgz",
      "integrity": "sha512-NPrWuHFxFUknr1KqJRDgUQPexQF0uIJWjeT+2KjEePhitQxQEx5EJBG1lVn5/hc8aLycTpXrDOgPQ6Zq+EDiTA=="
    },
    "node_modules/lib0": {
      "version": "0.2.88",
      "resolved": "https://registry.npmjs.org/lib0/-/lib0-0.2.88.tgz",
      "integrity": "sha512-KyroiEvCeZcZEMx5Ys+b4u4eEBbA1ch7XUaBhYpwa/nPMrzTjUhI4RfcytmQfYoTBPcdyx+FX6WFNIoNuJzJfQ==",
      "peer": true,
      "dependencies": {
        "isomorphic.js": "^0.2.4"
      },
      "bin": {
        "0gentesthtml": "bin/gentesthtml.js",
        "0serve": "bin/0serve.js"
      },
      "engines": {
        "node": ">=16"
      },
      "funding": {
        "type": "GitHub Sponsors ❤",
        "url": "https://github.com/sponsors/dmonad"
      }
    },
    "node_modules/typescript": {
      "version": "4.9.5",
      "resolved": "https://registry.npmjs.org/typescript/-/typescript-4.9.5.tgz",
      "integrity": "sha512-1FXk9E2Hm+QzZQ7z+McJiHL4NW1F2EzMu9Nq9i3zAaGqibafqYwCVU6WyWAuyQRRzOlxou8xZSyXLEN8oKj24g==",
      "dev": true,
      "bin": {
        "tsc": "bin/tsc",
        "tsserver": "bin/tsserver"
      },
      "engines": {
        "node": ">=4.2.0"
      }
    },
    "node_modules/yjs": {
      "version": "13.6.11",
      "resolved": "https://registry.npmjs.org/yjs/-/yjs-13.6.11.tgz",
      "integrity": "sha512-FvRRJKX9u270dOLkllGF/UDCWwmIv2Z+ucM4v1QO1TuxdmoiMnSUXH1HAcOKOrkBEhQtPTkxep7tD2DrQB+l0g==",
      "peer": true,
      "dependencies": {
        "lib0": "^0.2.86"
      },
      "engines": {
        "node": ">=16.0.0",
        "npm": ">=8.0.0"
      },
      "funding": {
        "type": "GitHub Sponsors ❤",
        "url": "https://github.com/sponsors/dmonad"
      }
    }
  }
}
